// !$*UTF8*$!
{
	archiveVersion = 1;
	classes = {
	};
	objectVersion = 52;
	objects = {

/* Begin PBXBuildFile section */
		9A7921AB248D199400788F2B /* AppDelegate.swift in Sources */ = {isa = PBXBuildFile; fileRef = 9A7921AA248D199400788F2B /* AppDelegate.swift */; };
		9A7921AD248D199400788F2B /* Assets.xcassets in Resources */ = {isa = PBXBuildFile; fileRef = 9A7921AC248D199400788F2B /* Assets.xcassets */; };
		9A7921BA248D1BE800788F2B /* MainMenu.xib in Resources */ = {isa = PBXBuildFile; fileRef = 9A7921B9248D1BE800788F2B /* MainMenu.xib */; };
		9A7921BD248D247E00788F2B /* player.swift in Sources */ = {isa = PBXBuildFile; fileRef = 9A7921BC248D247E00788F2B /* player.swift */; };
		9A7921C1248D518400788F2B /* libs.swift in Sources */ = {isa = PBXBuildFile; fileRef = 9A7921C0248D518400788F2B /* libs.swift */; };
		9A7921D5248D52FB00788F2B /* main.swift in Sources */ = {isa = PBXBuildFile; fileRef = 9A7921D4248D52FB00788F2B /* main.swift */; };
		9A7921D7248D543F00788F2B /* LaunchAtLogin.app in CopyFiles */ = {isa = PBXBuildFile; fileRef = 9A7921C6248D52E300788F2B /* LaunchAtLogin.app */; settings = {ATTRIBUTES = (RemoveHeadersOnCopy, ); }; };
		9AA4F5F826FFBC860086DD54 /* Updater in Frameworks */ = {isa = PBXBuildFile; productRef = 9AA4F5F726FFBC860086DD54 /* Updater */; };
		9AA4F60626FFC4EC0086DD54 /* updater.sh in Resources */ = {isa = PBXBuildFile; fileRef = 9AA4F60526FFC4EC0086DD54 /* updater.sh */; };
		9AA4F60826FFC5530086DD54 /* updater.sh in CopyFiles */ = {isa = PBXBuildFile; fileRef = 9AA4F60526FFC4EC0086DD54 /* updater.sh */; };
		9AC88F7626F7C67A00F8AE3C /* Reachability.swift in Sources */ = {isa = PBXBuildFile; fileRef = 9AC88F7526F7C67A00F8AE3C /* Reachability.swift */; };
		9AC88F7C26F7D05900F8AE3C /* menu.swift in Sources */ = {isa = PBXBuildFile; fileRef = 9AC88F7B26F7D05800F8AE3C /* menu.swift */; };
/* End PBXBuildFile section */

/* Begin PBXCopyFilesBuildPhase section */
		9A7921D6248D543000788F2B /* CopyFiles */ = {
			isa = PBXCopyFilesBuildPhase;
			buildActionMask = 2147483647;
			dstPath = Contents/Library/LoginItems;
			dstSubfolderSpec = 1;
			files = (
				9A7921D7248D543F00788F2B /* LaunchAtLogin.app in CopyFiles */,
			);
			runOnlyForDeploymentPostprocessing = 0;
		};
		9AD7A213251E809100C99849 /* Embed Frameworks */ = {
			isa = PBXCopyFilesBuildPhase;
			buildActionMask = 2147483647;
			dstPath = "";
			dstSubfolderSpec = 10;
			files = (
			);
			name = "Embed Frameworks";
			runOnlyForDeploymentPostprocessing = 0;
		};
		9AD7A23D251E851000C99849 /* CopyFiles */ = {
			isa = PBXCopyFilesBuildPhase;
			buildActionMask = 2147483647;
			dstPath = Scripts;
			dstSubfolderSpec = 7;
			files = (
				9AA4F60826FFC5530086DD54 /* updater.sh in CopyFiles */,
			);
			runOnlyForDeploymentPostprocessing = 0;
		};
/* End PBXCopyFilesBuildPhase section */

/* Begin PBXFileReference section */
		9A7921A7248D199400788F2B /* Custer.app */ = {isa = PBXFileReference; explicitFileType = wrapper.application; includeInIndex = 0; path = Custer.app; sourceTree = BUILT_PRODUCTS_DIR; };
		9A7921AA248D199400788F2B /* AppDelegate.swift */ = {isa = PBXFileReference; lastKnownFileType = sourcecode.swift; path = AppDelegate.swift; sourceTree = "<group>"; };
		9A7921AC248D199400788F2B /* Assets.xcassets */ = {isa = PBXFileReference; lastKnownFileType = folder.assetcatalog; path = Assets.xcassets; sourceTree = "<group>"; };
		9A7921B1248D199400788F2B /* Info.plist */ = {isa = PBXFileReference; lastKnownFileType = text.plist.xml; path = Info.plist; sourceTree = "<group>"; };
		9A7921B9248D1BE800788F2B /* MainMenu.xib */ = {isa = PBXFileReference; fileEncoding = 4; lastKnownFileType = file.xib; path = MainMenu.xib; sourceTree = "<group>"; };
		9A7921BC248D247E00788F2B /* player.swift */ = {isa = PBXFileReference; lastKnownFileType = sourcecode.swift; path = player.swift; sourceTree = "<group>"; };
		9A7921C0248D518400788F2B /* libs.swift */ = {isa = PBXFileReference; lastKnownFileType = sourcecode.swift; path = libs.swift; sourceTree = "<group>"; };
		9A7921C6248D52E300788F2B /* LaunchAtLogin.app */ = {isa = PBXFileReference; explicitFileType = wrapper.application; includeInIndex = 0; path = LaunchAtLogin.app; sourceTree = BUILT_PRODUCTS_DIR; };
		9A7921CF248D52E500788F2B /* Info.plist */ = {isa = PBXFileReference; lastKnownFileType = text.plist.xml; path = Info.plist; sourceTree = "<group>"; };
		9A7921D0248D52E500788F2B /* LaunchAtLogin.entitlements */ = {isa = PBXFileReference; lastKnownFileType = text.plist.entitlements; path = LaunchAtLogin.entitlements; sourceTree = "<group>"; };
		9A7921D4248D52FB00788F2B /* main.swift */ = {isa = PBXFileReference; lastKnownFileType = sourcecode.swift; path = main.swift; sourceTree = "<group>"; };
		9AA4F60526FFC4EC0086DD54 /* updater.sh */ = {isa = PBXFileReference; lastKnownFileType = text.script.sh; path = updater.sh; sourceTree = "<group>"; };
		9AC88F7526F7C67A00F8AE3C /* Reachability.swift */ = {isa = PBXFileReference; lastKnownFileType = sourcecode.swift; path = Reachability.swift; sourceTree = "<group>"; };
		9AC88F7B26F7D05800F8AE3C /* menu.swift */ = {isa = PBXFileReference; lastKnownFileType = sourcecode.swift; path = menu.swift; sourceTree = "<group>"; };
/* End PBXFileReference section */

/* Begin PBXFrameworksBuildPhase section */
		9A7921A4248D199400788F2B /* Frameworks */ = {
			isa = PBXFrameworksBuildPhase;
			buildActionMask = 2147483647;
			files = (
				9AA4F5F826FFBC860086DD54 /* Updater in Frameworks */,
			);
			runOnlyForDeploymentPostprocessing = 0;
		};
		9A7921C3248D52E300788F2B /* Frameworks */ = {
			isa = PBXFrameworksBuildPhase;
			buildActionMask = 2147483647;
			files = (
			);
			runOnlyForDeploymentPostprocessing = 0;
		};
/* End PBXFrameworksBuildPhase section */

/* Begin PBXGroup section */
		9A79219E248D199400788F2B = {
			isa = PBXGroup;
			children = (
				9A7921A9248D199400788F2B /* Custer */,
				9A7921C7248D52E300788F2B /* LaunchAtLogin */,
				9A7921A8248D199400788F2B /* Products */,
			);
			sourceTree = "<group>";
		};
		9A7921A8248D199400788F2B /* Products */ = {
			isa = PBXGroup;
			children = (
				9A7921A7248D199400788F2B /* Custer.app */,
				9A7921C6248D52E300788F2B /* LaunchAtLogin.app */,
			);
			name = Products;
			sourceTree = "<group>";
		};
		9A7921A9248D199400788F2B /* Custer */ = {
			isa = PBXGroup;
			children = (
				9A7921BB248D1C0200788F2B /* Supporting Files */,
				9AC88F8726F7D93600F8AE3C /* helpers */,
				9A7921AA248D199400788F2B /* AppDelegate.swift */,
				9AC88F7B26F7D05800F8AE3C /* menu.swift */,
				9A7921BC248D247E00788F2B /* player.swift */,
			);
			path = Custer;
			sourceTree = "<group>";
		};
		9A7921BB248D1C0200788F2B /* Supporting Files */ = {
			isa = PBXGroup;
			children = (
				9A7921AC248D199400788F2B /* Assets.xcassets */,
				9A7921B1248D199400788F2B /* Info.plist */,
				9A7921B9248D1BE800788F2B /* MainMenu.xib */,
			);
			path = "Supporting Files";
			sourceTree = "<group>";
		};
		9A7921C7248D52E300788F2B /* LaunchAtLogin */ = {
			isa = PBXGroup;
			children = (
				9A7921D4248D52FB00788F2B /* main.swift */,
				9A7921CF248D52E500788F2B /* Info.plist */,
				9A7921D0248D52E500788F2B /* LaunchAtLogin.entitlements */,
			);
			path = LaunchAtLogin;
			sourceTree = "<group>";
		};
		9AC88F8726F7D93600F8AE3C /* helpers */ = {
			isa = PBXGroup;
			children = (
				9AC88F7526F7C67A00F8AE3C /* Reachability.swift */,
				9A7921C0248D518400788F2B /* libs.swift */,
				9AA4F60526FFC4EC0086DD54 /* updater.sh */,
			);
			path = helpers;
			sourceTree = "<group>";
		};
/* End PBXGroup section */

/* Begin PBXNativeTarget section */
		9A7921A6248D199400788F2B /* Custer */ = {
			isa = PBXNativeTarget;
			buildConfigurationList = 9A7921B5248D199400788F2B /* Build configuration list for PBXNativeTarget "Custer" */;
			buildPhases = (
				9A7921A3248D199400788F2B /* Sources */,
				9A7921A4248D199400788F2B /* Frameworks */,
				9A7921A5248D199400788F2B /* Resources */,
				9A7921D6248D543000788F2B /* CopyFiles */,
				9AD7A213251E809100C99849 /* Embed Frameworks */,
				9AD7A23D251E851000C99849 /* CopyFiles */,
			);
			buildRules = (
			);
			dependencies = (
			);
			name = Custer;
			packageProductDependencies = (
				9AA4F5F726FFBC860086DD54 /* Updater */,
			);
			productName = Custer;
			productReference = 9A7921A7248D199400788F2B /* Custer.app */;
			productType = "com.apple.product-type.application";
		};
		9A7921C5248D52E300788F2B /* LaunchAtLogin */ = {
			isa = PBXNativeTarget;
			buildConfigurationList = 9A7921D1248D52E500788F2B /* Build configuration list for PBXNativeTarget "LaunchAtLogin" */;
			buildPhases = (
				9A7921C2248D52E300788F2B /* Sources */,
				9A7921C3248D52E300788F2B /* Frameworks */,
				9A7921C4248D52E300788F2B /* Resources */,
			);
			buildRules = (
			);
			dependencies = (
			);
			name = LaunchAtLogin;
			productName = LaunchAtLogin;
			productReference = 9A7921C6248D52E300788F2B /* LaunchAtLogin.app */;
			productType = "com.apple.product-type.application";
		};
/* End PBXNativeTarget section */

/* Begin PBXProject section */
		9A79219F248D199400788F2B /* Project object */ = {
			isa = PBXProject;
			attributes = {
				LastSwiftUpdateCheck = 1150;
				LastUpgradeCheck = 1240;
				ORGANIZATIONNAME = "Serhiy Mytrovtsiy";
				TargetAttributes = {
					9A7921A6248D199400788F2B = {
						CreatedOnToolsVersion = 11.5;
					};
					9A7921C5248D52E300788F2B = {
						CreatedOnToolsVersion = 11.5;
						LastSwiftMigration = 1150;
					};
				};
			};
			buildConfigurationList = 9A7921A2248D199400788F2B /* Build configuration list for PBXProject "Custer" */;
			compatibilityVersion = "Xcode 9.3";
			developmentRegion = en;
			hasScannedForEncodings = 0;
			knownRegions = (
				en,
				Base,
			);
			mainGroup = 9A79219E248D199400788F2B;
			packageReferences = (
				9AA4F5F626FFBC860086DD54 /* XCRemoteSwiftPackageReference "updater" */,
			);
			productRefGroup = 9A7921A8248D199400788F2B /* Products */;
			projectDirPath = "";
			projectRoot = "";
			targets = (
				9A7921A6248D199400788F2B /* Custer */,
				9A7921C5248D52E300788F2B /* LaunchAtLogin */,
			);
		};
/* End PBXProject section */

/* Begin PBXResourcesBuildPhase section */
		9A7921A5248D199400788F2B /* Resources */ = {
			isa = PBXResourcesBuildPhase;
			buildActionMask = 2147483647;
			files = (
				9A7921AD248D199400788F2B /* Assets.xcassets in Resources */,
				9AA4F60626FFC4EC0086DD54 /* updater.sh in Resources */,
				9A7921BA248D1BE800788F2B /* MainMenu.xib in Resources */,
			);
			runOnlyForDeploymentPostprocessing = 0;
		};
		9A7921C4248D52E300788F2B /* Resources */ = {
			isa = PBXResourcesBuildPhase;
			buildActionMask = 2147483647;
			files = (
			);
			runOnlyForDeploymentPostprocessing = 0;
		};
/* End PBXResourcesBuildPhase section */

/* Begin PBXSourcesBuildPhase section */
		9A7921A3248D199400788F2B /* Sources */ = {
			isa = PBXSourcesBuildPhase;
			buildActionMask = 2147483647;
			files = (
				9A7921BD248D247E00788F2B /* player.swift in Sources */,
				9A7921AB248D199400788F2B /* AppDelegate.swift in Sources */,
				9AC88F7626F7C67A00F8AE3C /* Reachability.swift in Sources */,
				9AC88F7C26F7D05900F8AE3C /* menu.swift in Sources */,
				9A7921C1248D518400788F2B /* libs.swift in Sources */,
			);
			runOnlyForDeploymentPostprocessing = 0;
		};
		9A7921C2248D52E300788F2B /* Sources */ = {
			isa = PBXSourcesBuildPhase;
			buildActionMask = 2147483647;
			files = (
				9A7921D5248D52FB00788F2B /* main.swift in Sources */,
			);
			runOnlyForDeploymentPostprocessing = 0;
		};
/* End PBXSourcesBuildPhase section */

/* Begin XCBuildConfiguration section */
		9A7921B3248D199400788F2B /* Debug */ = {
			isa = XCBuildConfiguration;
			buildSettings = {
				ALWAYS_SEARCH_USER_PATHS = NO;
				CLANG_ANALYZER_NONNULL = YES;
				CLANG_ANALYZER_NUMBER_OBJECT_CONVERSION = YES_AGGRESSIVE;
				CLANG_CXX_LANGUAGE_STANDARD = "gnu++14";
				CLANG_CXX_LIBRARY = "libc++";
				CLANG_ENABLE_MODULES = YES;
				CLANG_ENABLE_OBJC_ARC = YES;
				CLANG_ENABLE_OBJC_WEAK = YES;
				CLANG_WARN_BLOCK_CAPTURE_AUTORELEASING = YES;
				CLANG_WARN_BOOL_CONVERSION = YES;
				CLANG_WARN_COMMA = YES;
				CLANG_WARN_CONSTANT_CONVERSION = YES;
				CLANG_WARN_DEPRECATED_OBJC_IMPLEMENTATIONS = YES;
				CLANG_WARN_DIRECT_OBJC_ISA_USAGE = YES_ERROR;
				CLANG_WARN_DOCUMENTATION_COMMENTS = YES;
				CLANG_WARN_EMPTY_BODY = YES;
				CLANG_WARN_ENUM_CONVERSION = YES;
				CLANG_WARN_INFINITE_RECURSION = YES;
				CLANG_WARN_INT_CONVERSION = YES;
				CLANG_WARN_NON_LITERAL_NULL_CONVERSION = YES;
				CLANG_WARN_OBJC_IMPLICIT_RETAIN_SELF = YES;
				CLANG_WARN_OBJC_LITERAL_CONVERSION = YES;
				CLANG_WARN_OBJC_ROOT_CLASS = YES_ERROR;
				CLANG_WARN_QUOTED_INCLUDE_IN_FRAMEWORK_HEADER = YES;
				CLANG_WARN_RANGE_LOOP_ANALYSIS = YES;
				CLANG_WARN_STRICT_PROTOTYPES = YES;
				CLANG_WARN_SUSPICIOUS_MOVE = YES;
				CLANG_WARN_UNGUARDED_AVAILABILITY = YES_AGGRESSIVE;
				CLANG_WARN_UNREACHABLE_CODE = YES;
				CLANG_WARN__DUPLICATE_METHOD_MATCH = YES;
				COPY_PHASE_STRIP = NO;
				DEBUG_INFORMATION_FORMAT = dwarf;
				ENABLE_STRICT_OBJC_MSGSEND = YES;
				ENABLE_TESTABILITY = YES;
				GCC_C_LANGUAGE_STANDARD = gnu11;
				GCC_DYNAMIC_NO_PIC = NO;
				GCC_NO_COMMON_BLOCKS = YES;
				GCC_OPTIMIZATION_LEVEL = 0;
				GCC_PREPROCESSOR_DEFINITIONS = (
					"DEBUG=1",
					"$(inherited)",
				);
				GCC_WARN_64_TO_32_BIT_CONVERSION = YES;
				GCC_WARN_ABOUT_RETURN_TYPE = YES_ERROR;
				GCC_WARN_UNDECLARED_SELECTOR = YES;
				GCC_WARN_UNINITIALIZED_AUTOS = YES_AGGRESSIVE;
				GCC_WARN_UNUSED_FUNCTION = YES;
				GCC_WARN_UNUSED_VARIABLE = YES;
				MACOSX_DEPLOYMENT_TARGET = 10.15;
				MTL_ENABLE_DEBUG_INFO = INCLUDE_SOURCE;
				MTL_FAST_MATH = YES;
				ONLY_ACTIVE_ARCH = YES;
				SDKROOT = macosx;
				SWIFT_ACTIVE_COMPILATION_CONDITIONS = DEBUG;
				SWIFT_OPTIMIZATION_LEVEL = "-Onone";
			};
			name = Debug;
		};
		9A7921B4248D199400788F2B /* Release */ = {
			isa = XCBuildConfiguration;
			buildSettings = {
				ALWAYS_SEARCH_USER_PATHS = NO;
				CLANG_ANALYZER_NONNULL = YES;
				CLANG_ANALYZER_NUMBER_OBJECT_CONVERSION = YES_AGGRESSIVE;
				CLANG_CXX_LANGUAGE_STANDARD = "gnu++14";
				CLANG_CXX_LIBRARY = "libc++";
				CLANG_ENABLE_MODULES = YES;
				CLANG_ENABLE_OBJC_ARC = YES;
				CLANG_ENABLE_OBJC_WEAK = YES;
				CLANG_WARN_BLOCK_CAPTURE_AUTORELEASING = YES;
				CLANG_WARN_BOOL_CONVERSION = YES;
				CLANG_WARN_COMMA = YES;
				CLANG_WARN_CONSTANT_CONVERSION = YES;
				CLANG_WARN_DEPRECATED_OBJC_IMPLEMENTATIONS = YES;
				CLANG_WARN_DIRECT_OBJC_ISA_USAGE = YES_ERROR;
				CLANG_WARN_DOCUMENTATION_COMMENTS = YES;
				CLANG_WARN_EMPTY_BODY = YES;
				CLANG_WARN_ENUM_CONVERSION = YES;
				CLANG_WARN_INFINITE_RECURSION = YES;
				CLANG_WARN_INT_CONVERSION = YES;
				CLANG_WARN_NON_LITERAL_NULL_CONVERSION = YES;
				CLANG_WARN_OBJC_IMPLICIT_RETAIN_SELF = YES;
				CLANG_WARN_OBJC_LITERAL_CONVERSION = YES;
				CLANG_WARN_OBJC_ROOT_CLASS = YES_ERROR;
				CLANG_WARN_QUOTED_INCLUDE_IN_FRAMEWORK_HEADER = YES;
				CLANG_WARN_RANGE_LOOP_ANALYSIS = YES;
				CLANG_WARN_STRICT_PROTOTYPES = YES;
				CLANG_WARN_SUSPICIOUS_MOVE = YES;
				CLANG_WARN_UNGUARDED_AVAILABILITY = YES_AGGRESSIVE;
				CLANG_WARN_UNREACHABLE_CODE = YES;
				CLANG_WARN__DUPLICATE_METHOD_MATCH = YES;
				COPY_PHASE_STRIP = NO;
				DEBUG_INFORMATION_FORMAT = "dwarf-with-dsym";
				ENABLE_NS_ASSERTIONS = NO;
				ENABLE_STRICT_OBJC_MSGSEND = YES;
				GCC_C_LANGUAGE_STANDARD = gnu11;
				GCC_NO_COMMON_BLOCKS = YES;
				GCC_WARN_64_TO_32_BIT_CONVERSION = YES;
				GCC_WARN_ABOUT_RETURN_TYPE = YES_ERROR;
				GCC_WARN_UNDECLARED_SELECTOR = YES;
				GCC_WARN_UNINITIALIZED_AUTOS = YES_AGGRESSIVE;
				GCC_WARN_UNUSED_FUNCTION = YES;
				GCC_WARN_UNUSED_VARIABLE = YES;
				MACOSX_DEPLOYMENT_TARGET = 10.15;
				MTL_ENABLE_DEBUG_INFO = NO;
				MTL_FAST_MATH = YES;
				SDKROOT = macosx;
				SWIFT_COMPILATION_MODE = wholemodule;
				SWIFT_OPTIMIZATION_LEVEL = "-O";
			};
			name = Release;
		};
		9A7921B6248D199400788F2B /* Debug */ = {
			isa = XCBuildConfiguration;
			buildSettings = {
				ALWAYS_EMBED_SWIFT_STANDARD_LIBRARIES = YES;
				ASSETCATALOG_COMPILER_APPICON_NAME = AppIcon;
				CODE_SIGN_ENTITLEMENTS = "";
				CODE_SIGN_IDENTITY = "Apple Development";
				CODE_SIGN_STYLE = Automatic;
				COMBINE_HIDPI_IMAGES = YES;
				CURRENT_PROJECT_VERSION = 8;
				DEVELOPMENT_TEAM = RP2S87B72W;
				ENABLE_HARDENED_RUNTIME = YES;
				INFOPLIST_FILE = "custer/Supporting Files/Info.plist";
				LD_RUNPATH_SEARCH_PATHS = (
					"$(inherited)",
					"@executable_path/../Frameworks",
				);
				MACOSX_DEPLOYMENT_TARGET = 10.14;
				MARKETING_VERSION = 1.1.3;
				PRODUCT_BUNDLE_IDENTIFIER = eu.exelban.custer;
				PRODUCT_NAME = "$(TARGET_NAME)";
				SWIFT_VERSION = 5.0;
			};
			name = Debug;
		};
		9A7921B7248D199400788F2B /* Release */ = {
			isa = XCBuildConfiguration;
			buildSettings = {
				ALWAYS_EMBED_SWIFT_STANDARD_LIBRARIES = YES;
				ASSETCATALOG_COMPILER_APPICON_NAME = AppIcon;
				CODE_SIGN_ENTITLEMENTS = "";
				CODE_SIGN_IDENTITY = "Apple Development";
				CODE_SIGN_STYLE = Automatic;
				COMBINE_HIDPI_IMAGES = YES;
				CURRENT_PROJECT_VERSION = 8;
				DEVELOPMENT_TEAM = RP2S87B72W;
				ENABLE_HARDENED_RUNTIME = YES;
				INFOPLIST_FILE = "custer/Supporting Files/Info.plist";
				LD_RUNPATH_SEARCH_PATHS = (
					"$(inherited)",
					"@executable_path/../Frameworks",
				);
				MACOSX_DEPLOYMENT_TARGET = 10.14;
				MARKETING_VERSION = 1.1.3;
				PRODUCT_BUNDLE_IDENTIFIER = eu.exelban.custer;
				PRODUCT_NAME = "$(TARGET_NAME)";
				SWIFT_VERSION = 5.0;
			};
			name = Release;
		};
		9A7921D2248D52E500788F2B /* Debug */ = {
			isa = XCBuildConfiguration;
			buildSettings = {
				ASSETCATALOG_COMPILER_APPICON_NAME = AppIcon;
				CLANG_ENABLE_MODULES = YES;
				CODE_SIGN_ENTITLEMENTS = LaunchAtLogin/LaunchAtLogin.entitlements;
				CODE_SIGN_IDENTITY = "Apple Development";
				CODE_SIGN_STYLE = Automatic;
				COMBINE_HIDPI_IMAGES = YES;
				DEVELOPMENT_TEAM = RP2S87B72W;
				ENABLE_HARDENED_RUNTIME = YES;
				INFOPLIST_FILE = LaunchAtLogin/Info.plist;
				LD_RUNPATH_SEARCH_PATHS = (
					"$(inherited)",
					"@executable_path/../Frameworks",
				);
				MACOSX_DEPLOYMENT_TARGET = 10.14;
				MARKETING_VERSION = 1.0.0;
				PRODUCT_BUNDLE_IDENTIFIER = eu.exelban.custer.LaunchAtLogin;
				PRODUCT_NAME = "$(TARGET_NAME)";
				SKIP_INSTALL = YES;
				SWIFT_OPTIMIZATION_LEVEL = "-Onone";
				SWIFT_VERSION = 5.0;
			};
			name = Debug;
		};
		9A7921D3248D52E500788F2B /* Release */ = {
			isa = XCBuildConfiguration;
			buildSettings = {
				ASSETCATALOG_COMPILER_APPICON_NAME = AppIcon;
				CLANG_ENABLE_MODULES = YES;
				CODE_SIGN_ENTITLEMENTS = LaunchAtLogin/LaunchAtLogin.entitlements;
				CODE_SIGN_IDENTITY = "Apple Development";
				CODE_SIGN_STYLE = Automatic;
				COMBINE_HIDPI_IMAGES = YES;
				DEVELOPMENT_TEAM = RP2S87B72W;
				ENABLE_HARDENED_RUNTIME = YES;
				INFOPLIST_FILE = LaunchAtLogin/Info.plist;
				LD_RUNPATH_SEARCH_PATHS = (
					"$(inherited)",
					"@executable_path/../Frameworks",
				);
				MACOSX_DEPLOYMENT_TARGET = 10.14;
				MARKETING_VERSION = 1.0.0;
				PRODUCT_BUNDLE_IDENTIFIER = eu.exelban.custer.LaunchAtLogin;
				PRODUCT_NAME = "$(TARGET_NAME)";
				SKIP_INSTALL = YES;
				SWIFT_VERSION = 5.0;
			};
			name = Release;
		};
/* End XCBuildConfiguration section */

/* Begin XCConfigurationList section */
		9A7921A2248D199400788F2B /* Build configuration list for PBXProject "Custer" */ = {
			isa = XCConfigurationList;
			buildConfigurations = (
				9A7921B3248D199400788F2B /* Debug */,
				9A7921B4248D199400788F2B /* Release */,
			);
			defaultConfigurationIsVisible = 0;
			defaultConfigurationName = Release;
		};
		9A7921B5248D199400788F2B /* Build configuration list for PBXNativeTarget "Custer" */ = {
			isa = XCConfigurationList;
			buildConfigurations = (
				9A7921B6248D199400788F2B /* Debug */,
				9A7921B7248D199400788F2B /* Release */,
			);
			defaultConfigurationIsVisible = 0;
			defaultConfigurationName = Release;
		};
		9A7921D1248D52E500788F2B /* Build configuration list for PBXNativeTarget "LaunchAtLogin" */ = {
			isa = XCConfigurationList;
			buildConfigurations = (
				9A7921D2248D52E500788F2B /* Debug */,
				9A7921D3248D52E500788F2B /* Release */,
			);
			defaultConfigurationIsVisible = 0;
			defaultConfigurationName = Release;
		};
/* End XCConfigurationList section */

/* Begin XCRemoteSwiftPackageReference section */
		9AA4F5F626FFBC860086DD54 /* XCRemoteSwiftPackageReference "updater" */ = {
			isa = XCRemoteSwiftPackageReference;
			repositoryURL = "https://github.com/exelban/updater";
			requirement = {
				branch = dev;
				kind = branch;
			};
		};
/* End XCRemoteSwiftPackageReference section */

/* Begin XCSwiftPackageProductDependency section */
		9AA4F5F726FFBC860086DD54 /* Updater */ = {
			isa = XCSwiftPackageProductDependency;
			package = 9AA4F5F626FFBC860086DD54 /* XCRemoteSwiftPackageReference "updater" */;
			productName = Updater;
		};
/* End XCSwiftPackageProductDependency section */
	};
	rootObject = 9A79219F248D199400788F2B /* Project object */;
}
