{
  "object": {
    "pins": [
      {
        "package": "Updater",
        "repositoryURL": "https://github.com/exelban/updater",
        "state": {
          "branch": "master",
          "revision": "aafb3b2db3c5701c746519c6e4df7e6e73ab2a26",
          "version": null
        }
      }
    ]
  },
  "version": 1
}
